{
  "name": "LandPage",
  "lockfileVersion": 3,
  "requires": true,
  "packages": {
    "": {
      "dependencies": {
        "dynamic-sky": "file:../DynamicSky/dynamic-sky-1.0.0.tgz"
      }
    },
    "node_modules/dynamic-sky": {
      "version": "1.0.0",
      "resolved": "file:../DynamicSky/dynamic-sky-1.0.0.tgz",
      "integrity": "sha512-ZcP/pvYywsLIGOu3gexsy01k56MHX3aeFZJYU9a2D2YsJ7SG5Uk8w5xvH6Q77MDzPMErpd1NrebTPABRC7KRlQ=="
    }
  }
}
